PODS:
  - Flutter (1.0.0)
  - Stripe (25.6.4):
    - StripeApplePay (= 25.6.4)
    - StripeCore (= 25.6.4)
    - StripeIssuing (= 25.6.4)
    - StripePayments (= 25.6.4)
    - StripePaymentsUI (= 25.6.4)
    - StripeUICore (= 25.6.4)
  - stripe_ios (0.0.1):
    - Flutter
    - Stripe (~> 25.6.0)
    - stripe_ios/stripe_ios (= 0.0.1)
    - stripe_ios/stripe_objc (= 0.0.1)
    - StripeApplePay (~> 25.6.0)
    - StripeFinancialConnections (~> 25.6.0)
    - StripePayments (~> 25.6.0)
    - StripePaymentSheet (~> 25.6.0)
    - StripePaymentsUI (~> 25.6.0)
  - stripe_ios/stripe_ios (0.0.1):
    - Flutter
    - Stripe (~> 25.6.0)
    - stripe_ios/stripe_objc
    - StripeApplePay (~> 25.6.0)
    - StripeFinancialConnections (~> 25.6.0)
    - StripePayments (~> 25.6.0)
    - StripePaymentSheet (~> 25.6.0)
    - StripePaymentsUI (~> 25.6.0)
  - stripe_ios/stripe_objc (0.0.1):
    - Flutter
    - Stripe (~> 25.6.0)
    - StripeApplePay (~> 25.6.0)
    - StripeFinancialConnections (~> 25.6.0)
    - StripePayments (~> 25.6.0)
    - StripePaymentSheet (~> 25.6.0)
    - StripePaymentsUI (~> 25.6.0)
  - StripeApplePay (25.6.4):
    - StripeCore (= 25.6.4)
  - StripeCore (25.6.4)
  - StripeFinancialConnections (25.6.4):
    - StripeCore (= 25.6.4)
    - StripeUICore (= 25.6.4)
  - StripeIssuing (25.6.4):
    - StripeCore (= 25.6.4)
    - StripePayments (= 25.6.4)
    - StripePaymentsUI (= 25.6.4)
  - StripePayments (25.6.4):
    - StripeCore (= 25.6.4)
    - StripePayments/Stripe3DS2 (= 25.6.4)
  - StripePayments/Stripe3DS2 (25.6.4):
    - StripeCore (= 25.6.4)
  - StripePaymentSheet (25.6.4):
    - StripeApplePay (= 25.6.4)
    - StripeCore (= 25.6.4)
    - StripePayments (= 25.6.4)
    - StripePaymentsUI (= 25.6.4)
  - StripePaymentsUI (25.6.4):
    - StripeCore (= 25.6.4)
    - StripePayments (= 25.6.4)
    - StripeUICore (= 25.6.4)
  - StripeUICore (25.6.4):
    - StripeCore (= 25.6.4)

DEPENDENCIES:
  - Flutter (from `Flutter`)
  - stripe_ios (from `.symlinks/plugins/stripe_ios/ios`)

SPEC REPOS:
  trunk:
    - Stripe
    - StripeApplePay
    - StripeCore
    - StripeFinancialConnections
    - StripeIssuing
    - StripePayments
    - StripePaymentSheet
    - StripePaymentsUI
    - StripeUICore

EXTERNAL SOURCES:
  Flutter:
    :path: Flutter
  stripe_ios:
    :path: ".symlinks/plugins/stripe_ios/ios"

SPEC CHECKSUMS:
  Flutter: cabc95a1d2626b1b06e7179b784ebcf0c0cde467
  Stripe: 7cb1009980324c6c16b6a4af5843b8ef54549065
  stripe_ios: 5f33f23548330a372e3ea6a0320d8aa516b1718a
  StripeApplePay: 91000b0927f53c58a2a1f829a4ee246d508bd1c4
  StripeCore: f6ca805768a7807ec014c0523cd99a3d16d21d6b
  StripeFinancialConnections: 2cb9bc81468599d1b4b41178f49879a65c8ac52e
  StripeIssuing: 7ffde774af77d713aff204858fcf765eeb3677d3
  StripePayments: 4de3976a0d5f626cfc8ad4e010aff1cbda8dc1e5
  StripePaymentSheet: 29443db7e8635e2d3a00758f1ecebbb17a24ff19
  StripePaymentsUI: 37551e684263db449368ccac27438947e1b45f84
  StripeUICore: f1e43a68ab1e1428f8738df821eb64efac1d871a

PODFILE CHECKSUM: 3c63482e143d1b91d2d2560aee9fb04ecc74ac7e

COCOAPODS: 1.16.2
